
Microsoft Visual Studio Solution File, Format Version 12.00
# Visual Studio Version 16
VisualStudioVersion = 16.0.30611.23
MinimumVisualStudioVersion = 10.0.40219.1
Project("{FAE04EC0-301F-11D3-BF4B-00C04F79EFBC}") = "SystemInfo", "SystemInfo.csproj", "{748BC201-B526-4CAE-9E90-B3D65F48D39D}"
EndProject
Global
	GlobalSection(SolutionConfigurationPlatforms) = preSolution
		Debug|Any CPU = Debug|Any CPU
		Release|Any CPU = Release|Any CPU
	EndGlobalSection
	GlobalSection(ProjectConfigurationPlatforms) = postSolution
		{748BC201-B526-4CAE-9E90-B3D65F48D39D}.Debug|Any CPU.ActiveCfg = Debug|Any CPU
		{748BC201-B526-4CAE-9E90-B3D65F48D39D}.Debug|Any CPU.Build.0 = Debug|Any CPU
		{748BC201-B526-4CAE-9E90-B3D65F48D39D}.Release|Any CPU.ActiveCfg = Release|Any CPU
		{748BC201-B526-4CAE-9E90-B3D65F48D39D}.Release|Any CPU.Build.0 = Release|Any CPU
	EndGlobalSection
	GlobalSection(SolutionProperties) = preSolution
		HideSolutionNode = FALSE
	EndGlobalSection
	GlobalSection(ExtensibilityGlobals) = postSolution
		SolutionGuid = {9970064F-FAA6-4996-BCAA-305B11009F8D}
	EndGlobalSection
EndGlobal
